// !$*UTF8*$!
{
	archiveVersion = 1;
	classes = {
	};
	objectVersion = 46;
	objects = {

/* Begin PBXBuildFile section */
		607FACEC1AFB9204008FA782 /* Tests.swift in Sources */ = {isa = PBXBuildFile; fileRef = 607FACEB1AFB9204008FA782 /* Tests.swift */; };
		6BEB8BF5D3F1B73645492DD1 /* Pods_UITestUtils_Tests.framework in Frameworks */ = {isa = PBXBuildFile; fileRef = B8B452F43F1D446F63443C5A /* Pods_UITestUtils_Tests.framework */; };
		D3FFAE3692327A1E23292A9E /* Pods_UITestUtils_Example.framework in Frameworks */ = {isa = PBXBuildFile; fileRef = BBB2E039B853CEA5724C3FAE /* Pods_UITestUtils_Example.framework */; };
		D5617308A5532CA0127029E7 /* Pods_UITestUtils_ExampleUITests.framework in Frameworks */ = {isa = PBXBuildFile; fileRef = 84E7DC1AEC62419E987B35A1 /* Pods_UITestUtils_ExampleUITests.framework */; };
		E1435E0924382A0000CF7AF9 /* Books.swift in Sources */ = {isa = PBXBuildFile; fileRef = E1435DF3243829FF00CF7AF9 /* Books.swift */; };
		E1435E0A24382A0000CF7AF9 /* LaunchScreen.storyboard in Resources */ = {isa = PBXBuildFile; fileRef = E1435DF5243829FF00CF7AF9 /* LaunchScreen.storyboard */; };
		E1435E0B24382A0000CF7AF9 /* Main.storyboard in Resources */ = {isa = PBXBuildFile; fileRef = E1435DF8243829FF00CF7AF9 /* Main.storyboard */; };
		E1435E0C24382A0000CF7AF9 /* Assets.xcassets in Resources */ = {isa = PBXBuildFile; fileRef = E1435DFA243829FF00CF7AF9 /* Assets.xcassets */; };
		E1435E0D24382A0000CF7AF9 /* ServicesAPI.swift in Sources */ = {isa = PBXBuildFile; fileRef = E1435DFC243829FF00CF7AF9 /* ServicesAPI.swift */; };
		E1435E0E24382A0000CF7AF9 /* AppDelegate.swift in Sources */ = {isa = PBXBuildFile; fileRef = E1435DFD243829FF00CF7AF9 /* AppDelegate.swift */; };
		E1435E0F24382A0000CF7AF9 /* LoginController.swift in Sources */ = {isa = PBXBuildFile; fileRef = E1435DFF243829FF00CF7AF9 /* LoginController.swift */; };
		E1435E1024382A0000CF7AF9 /* LoginUIElements.swift in Sources */ = {isa = PBXBuildFile; fileRef = E1435E00243829FF00CF7AF9 /* LoginUIElements.swift */; };
		E1435E1124382A0000CF7AF9 /* BooksViewController.swift in Sources */ = {isa = PBXBuildFile; fileRef = E1435E02243829FF00CF7AF9 /* BooksViewController.swift */; };
		E1435E1224382A0000CF7AF9 /* BooksUIElements.swift in Sources */ = {isa = PBXBuildFile; fileRef = E1435E03243829FF00CF7AF9 /* BooksUIElements.swift */; };
		E1435E1324382A0000CF7AF9 /* BookTableViewCell.swift in Sources */ = {isa = PBXBuildFile; fileRef = E1435E05243829FF00CF7AF9 /* BookTableViewCell.swift */; };
		E1435E1424382A0000CF7AF9 /* BookTableViewCell.xib in Resources */ = {isa = PBXBuildFile; fileRef = E1435E06243829FF00CF7AF9 /* BookTableViewCell.xib */; };
		E1435E1524382A0000CF7AF9 /* SceneDelegate.swift in Sources */ = {isa = PBXBuildFile; fileRef = E1435E08243829FF00CF7AF9 /* SceneDelegate.swift */; };
		E1435E2924382D4400CF7AF9 /* BookListUITestable.swift in Sources */ = {isa = PBXBuildFile; fileRef = E1435E2524382D4400CF7AF9 /* BookListUITestable.swift */; };
		E1435E2A24382D4400CF7AF9 /* LoginUITestable.swift in Sources */ = {isa = PBXBuildFile; fileRef = E1435E2724382D4400CF7AF9 /* LoginUITestable.swift */; };
		E1435E2B24382D4400CF7AF9 /* LoginPageTest.swift in Sources */ = {isa = PBXBuildFile; fileRef = E1435E2824382D4400CF7AF9 /* LoginPageTest.swift */; };
		E1435E2C24382FC000CF7AF9 /* LoginUIElements.swift in Sources */ = {isa = PBXBuildFile; fileRef = E1435E00243829FF00CF7AF9 /* LoginUIElements.swift */; };
		E1435E2D24382FCD00CF7AF9 /* BooksUIElements.swift in Sources */ = {isa = PBXBuildFile; fileRef = E1435E03243829FF00CF7AF9 /* BooksUIElements.swift */; };
		E15E2193243832C600E8A21B /* UITestUtils_ExampleUITests.swift in Sources */ = {isa = PBXBuildFile; fileRef = E15E2192243832C600E8A21B /* UITestUtils_ExampleUITests.swift */; };
/* End PBXBuildFile section */

/* Begin PBXContainerItemProxy section */
		607FACE61AFB9204008FA782 /* PBXContainerItemProxy */ = {
			isa = PBXContainerItemProxy;
			containerPortal = 607FACC81AFB9204008FA782 /* Project object */;
			proxyType = 1;
			remoteGlobalIDString = 607FACCF1AFB9204008FA782;
			remoteInfo = UITestUtils;
		};
		E1435E1F24382B8B00CF7AF9 /* PBXContainerItemProxy */ = {
			isa = PBXContainerItemProxy;
			containerPortal = 607FACC81AFB9204008FA782 /* Project object */;
			proxyType = 1;
			remoteGlobalIDString = 607FACCF1AFB9204008FA782;
			remoteInfo = UITestUtils_Example;
		};
/* End PBXContainerItemProxy section */

/* Begin PBXFileReference section */
		2E993139BE21261B6C1E4CB7 /* LICENSE */ = {isa = PBXFileReference; includeInIndex = 1; lastKnownFileType = text; name = LICENSE; path = ../LICENSE; sourceTree = "<group>"; };
		607FACD01AFB9204008FA782 /* UITestUtils_Example.app */ = {isa = PBXFileReference; explicitFileType = wrapper.application; includeInIndex = 0; path = UITestUtils_Example.app; sourceTree = BUILT_PRODUCTS_DIR; };
		607FACD41AFB9204008FA782 /* Info.plist */ = {isa = PBXFileReference; lastKnownFileType = text.plist.xml; path = Info.plist; sourceTree = "<group>"; };
		607FACE51AFB9204008FA782 /* UITestUtils_Tests.xctest */ = {isa = PBXFileReference; explicitFileType = wrapper.cfbundle; includeInIndex = 0; path = UITestUtils_Tests.xctest; sourceTree = BUILT_PRODUCTS_DIR; };
		607FACEA1AFB9204008FA782 /* Info.plist */ = {isa = PBXFileReference; lastKnownFileType = text.plist.xml; path = Info.plist; sourceTree = "<group>"; };
		607FACEB1AFB9204008FA782 /* Tests.swift */ = {isa = PBXFileReference; lastKnownFileType = sourcecode.swift; path = Tests.swift; sourceTree = "<group>"; };
		6971C0BDAD5F15DC6D041CD3 /* Pods-UITestUtils_Example.release.xcconfig */ = {isa = PBXFileReference; includeInIndex = 1; lastKnownFileType = text.xcconfig; name = "Pods-UITestUtils_Example.release.xcconfig"; path = "Target Support Files/Pods-UITestUtils_Example/Pods-UITestUtils_Example.release.xcconfig"; sourceTree = "<group>"; };
		75E1D0837299B8C1FFDFCF3C /* README.md */ = {isa = PBXFileReference; includeInIndex = 1; lastKnownFileType = net.daringfireball.markdown; name = README.md; path = ../README.md; sourceTree = "<group>"; };
		84E7DC1AEC62419E987B35A1 /* Pods_UITestUtils_ExampleUITests.framework */ = {isa = PBXFileReference; explicitFileType = wrapper.framework; includeInIndex = 0; path = Pods_UITestUtils_ExampleUITests.framework; sourceTree = BUILT_PRODUCTS_DIR; };
		8B203CA2ED9791389058662B /* Pods-UITestUtils_ExampleUITests.release.xcconfig */ = {isa = PBXFileReference; includeInIndex = 1; lastKnownFileType = text.xcconfig; name = "Pods-UITestUtils_ExampleUITests.release.xcconfig"; path = "Target Support Files/Pods-UITestUtils_ExampleUITests/Pods-UITestUtils_ExampleUITests.release.xcconfig"; sourceTree = "<group>"; };
		9F7D3B2EC6E6C6EADF5FDFB4 /* Pods-UITestUtils_Example.debug.xcconfig */ = {isa = PBXFileReference; includeInIndex = 1; lastKnownFileType = text.xcconfig; name = "Pods-UITestUtils_Example.debug.xcconfig"; path = "Target Support Files/Pods-UITestUtils_Example/Pods-UITestUtils_Example.debug.xcconfig"; sourceTree = "<group>"; };
		B8B452F43F1D446F63443C5A /* Pods_UITestUtils_Tests.framework */ = {isa = PBXFileReference; explicitFileType = wrapper.framework; includeInIndex = 0; path = Pods_UITestUtils_Tests.framework; sourceTree = BUILT_PRODUCTS_DIR; };
		BBB2E039B853CEA5724C3FAE /* Pods_UITestUtils_Example.framework */ = {isa = PBXFileReference; explicitFileType = wrapper.framework; includeInIndex = 0; path = Pods_UITestUtils_Example.framework; sourceTree = BUILT_PRODUCTS_DIR; };
		D846C067FC16B7C33FC6B2C4 /* Pods-UITestUtils_ExampleUITests.debug.xcconfig */ = {isa = PBXFileReference; includeInIndex = 1; lastKnownFileType = text.xcconfig; name = "Pods-UITestUtils_ExampleUITests.debug.xcconfig"; path = "Target Support Files/Pods-UITestUtils_ExampleUITests/Pods-UITestUtils_ExampleUITests.debug.xcconfig"; sourceTree = "<group>"; };
		DC0E8522F221E41EC9CD1466 /* UITestUtils.podspec */ = {isa = PBXFileReference; includeInIndex = 1; lastKnownFileType = text; name = UITestUtils.podspec; path = ../UITestUtils.podspec; sourceTree = "<group>"; xcLanguageSpecificationIdentifier = xcode.lang.ruby; };
		E1435DC42437544F00CF7AF9 /* UITestUtils.framework */ = {isa = PBXFileReference; explicitFileType = wrapper.framework; path = UITestUtils.framework; sourceTree = BUILT_PRODUCTS_DIR; };
		E1435DF1243829FF00CF7AF9 /* UITestUtils_Example-Bridging-Header.h */ = {isa = PBXFileReference; lastKnownFileType = sourcecode.c.h; path = "UITestUtils_Example-Bridging-Header.h"; sourceTree = "<group>"; };
		E1435DF3243829FF00CF7AF9 /* Books.swift */ = {isa = PBXFileReference; fileEncoding = 4; lastKnownFileType = sourcecode.swift; path = Books.swift; sourceTree = "<group>"; };
		E1435DF6243829FF00CF7AF9 /* Base */ = {isa = PBXFileReference; lastKnownFileType = file.storyboard; name = Base; path = LaunchScreen.storyboard; sourceTree = "<group>"; };
		E1435DF9243829FF00CF7AF9 /* Base */ = {isa = PBXFileReference; lastKnownFileType = file.storyboard; name = Base; path = Base.lproj/Main.storyboard; sourceTree = "<group>"; };
		E1435DFA243829FF00CF7AF9 /* Assets.xcassets */ = {isa = PBXFileReference; lastKnownFileType = folder.assetcatalog; path = Assets.xcassets; sourceTree = "<group>"; };
		E1435DFC243829FF00CF7AF9 /* ServicesAPI.swift */ = {isa = PBXFileReference; fileEncoding = 4; lastKnownFileType = sourcecode.swift; path = ServicesAPI.swift; sourceTree = "<group>"; };
		E1435DFD243829FF00CF7AF9 /* AppDelegate.swift */ = {isa = PBXFileReference; fileEncoding = 4; lastKnownFileType = sourcecode.swift; path = AppDelegate.swift; sourceTree = "<group>"; };
		E1435DFF243829FF00CF7AF9 /* LoginController.swift */ = {isa = PBXFileReference; fileEncoding = 4; lastKnownFileType = sourcecode.swift; path = LoginController.swift; sourceTree = "<group>"; };
		E1435E00243829FF00CF7AF9 /* LoginUIElements.swift */ = {isa = PBXFileReference; fileEncoding = 4; lastKnownFileType = sourcecode.swift; path = LoginUIElements.swift; sourceTree = "<group>"; };
		E1435E02243829FF00CF7AF9 /* BooksViewController.swift */ = {isa = PBXFileReference; fileEncoding = 4; lastKnownFileType = sourcecode.swift; path = BooksViewController.swift; sourceTree = "<group>"; };
		E1435E03243829FF00CF7AF9 /* BooksUIElements.swift */ = {isa = PBXFileReference; fileEncoding = 4; lastKnownFileType = sourcecode.swift; path = BooksUIElements.swift; sourceTree = "<group>"; };
		E1435E05243829FF00CF7AF9 /* BookTableViewCell.swift */ = {isa = PBXFileReference; fileEncoding = 4; lastKnownFileType = sourcecode.swift; path = BookTableViewCell.swift; sourceTree = "<group>"; };
		E1435E06243829FF00CF7AF9 /* BookTableViewCell.xib */ = {isa = PBXFileReference; fileEncoding = 4; lastKnownFileType = file.xib; path = BookTableViewCell.xib; sourceTree = "<group>"; };
		E1435E07243829FF00CF7AF9 /* demo_uitestRelease.entitlements */ = {isa = PBXFileReference; fileEncoding = 4; lastKnownFileType = text.plist.entitlements; path = demo_uitestRelease.entitlements; sourceTree = "<group>"; };
		E1435E08243829FF00CF7AF9 /* SceneDelegate.swift */ = {isa = PBXFileReference; fileEncoding = 4; lastKnownFileType = sourcecode.swift; path = SceneDelegate.swift; sourceTree = "<group>"; };
		E1435E1A24382B8B00CF7AF9 /* UITestUtils_ExampleUITests.xctest */ = {isa = PBXFileReference; explicitFileType = wrapper.cfbundle; includeInIndex = 0; path = UITestUtils_ExampleUITests.xctest; sourceTree = BUILT_PRODUCTS_DIR; };
		E1435E1E24382B8B00CF7AF9 /* Info.plist */ = {isa = PBXFileReference; lastKnownFileType = text.plist.xml; path = Info.plist; sourceTree = "<group>"; };
		E1435E2524382D4400CF7AF9 /* BookListUITestable.swift */ = {isa = PBXFileReference; fileEncoding = 4; lastKnownFileType = sourcecode.swift; path = BookListUITestable.swift; sourceTree = "<group>"; };
		E1435E2724382D4400CF7AF9 /* LoginUITestable.swift */ = {isa = PBXFileReference; fileEncoding = 4; lastKnownFileType = sourcecode.swift; path = LoginUITestable.swift; sourceTree = "<group>"; };
		E1435E2824382D4400CF7AF9 /* LoginPageTest.swift */ = {isa = PBXFileReference; fileEncoding = 4; lastKnownFileType = sourcecode.swift; path = LoginPageTest.swift; sourceTree = "<group>"; };
		E15E2192243832C600E8A21B /* UITestUtils_ExampleUITests.swift */ = {isa = PBXFileReference; fileEncoding = 4; lastKnownFileType = sourcecode.swift; name = UITestUtils_ExampleUITests.swift; path = ../../../../Desktop/UITestUtils_ExampleUITests.swift; sourceTree = "<group>"; };
		EAE612543B01419796DDE6A3 /* Pods-UITestUtils_Tests.release.xcconfig */ = {isa = PBXFileReference; includeInIndex = 1; lastKnownFileType = text.xcconfig; name = "Pods-UITestUtils_Tests.release.xcconfig"; path = "Target Support Files/Pods-UITestUtils_Tests/Pods-UITestUtils_Tests.release.xcconfig"; sourceTree = "<group>"; };
		F863B58805EEAE9D2E1BDD2E /* Pods-UITestUtils_Tests.debug.xcconfig */ = {isa = PBXFileReference; includeInIndex = 1; lastKnownFileType = text.xcconfig; name = "Pods-UITestUtils_Tests.debug.xcconfig"; path = "Target Support Files/Pods-UITestUtils_Tests/Pods-UITestUtils_Tests.debug.xcconfig"; sourceTree = "<group>"; };
/* End PBXFileReference section */

/* Begin PBXFrameworksBuildPhase section */
		607FACCD1AFB9204008FA782 /* Frameworks */ = {
			isa = PBXFrameworksBuildPhase;
			buildActionMask = 2147483647;
			files = (
				D3FFAE3692327A1E23292A9E /* Pods_UITestUtils_Example.framework in Frameworks */,
			);
			runOnlyForDeploymentPostprocessing = 0;
		};
		607FACE21AFB9204008FA782 /* Frameworks */ = {
			isa = PBXFrameworksBuildPhase;
			buildActionMask = 2147483647;
			files = (
				6BEB8BF5D3F1B73645492DD1 /* Pods_UITestUtils_Tests.framework in Frameworks */,
			);
			runOnlyForDeploymentPostprocessing = 0;
		};
		E1435E1724382B8B00CF7AF9 /* Frameworks */ = {
			isa = PBXFrameworksBuildPhase;
			buildActionMask = 2147483647;
			files = (
				D5617308A5532CA0127029E7 /* Pods_UITestUtils_ExampleUITests.framework in Frameworks */,
			);
			runOnlyForDeploymentPostprocessing = 0;
		};
/* End PBXFrameworksBuildPhase section */

/* Begin PBXGroup section */
		607FACC71AFB9204008FA782 = {
			isa = PBXGroup;
			children = (
				607FACF51AFB993E008FA782 /* Podspec Metadata */,
				607FACD21AFB9204008FA782 /* Example for UITestUtils */,
				607FACE81AFB9204008FA782 /* Tests */,
				E1435E1B24382B8B00CF7AF9 /* UITestUtils_ExampleUITests */,
				607FACD11AFB9204008FA782 /* Products */,
				B06DEE2303B5539D137706FF /* Pods */,
				9337D58E659600AC5E5E6D0A /* Frameworks */,
			);
			sourceTree = "<group>";
		};
		607FACD11AFB9204008FA782 /* Products */ = {
			isa = PBXGroup;
			children = (
				607FACD01AFB9204008FA782 /* UITestUtils_Example.app */,
				607FACE51AFB9204008FA782 /* UITestUtils_Tests.xctest */,
				E1435E1A24382B8B00CF7AF9 /* UITestUtils_ExampleUITests.xctest */,
			);
			name = Products;
			sourceTree = "<group>";
		};
		607FACD21AFB9204008FA782 /* Example for UITestUtils */ = {
			isa = PBXGroup;
			children = (
				E1435E07243829FF00CF7AF9 /* demo_uitestRelease.entitlements */,
				E1435DF4243829FF00CF7AF9 /* Base.lproj */,
				E1435E01243829FF00CF7AF9 /* Books */,
				E1435DFE243829FF00CF7AF9 /* Login */,
				E1435DF2243829FF00CF7AF9 /* Models */,
				E1435DFB243829FF00CF7AF9 /* Services */,
				E1435DF7243829FF00CF7AF9 /* Views */,
				607FACD31AFB9204008FA782 /* Supporting Files */,
				E1435DFD243829FF00CF7AF9 /* AppDelegate.swift */,
				E1435E08243829FF00CF7AF9 /* SceneDelegate.swift */,
				E1435DFA243829FF00CF7AF9 /* Assets.xcassets */,
				E1435DF1243829FF00CF7AF9 /* UITestUtils_Example-Bridging-Header.h */,
			);
			name = "Example for UITestUtils";
			path = UITestUtils;
			sourceTree = "<group>";
		};
		607FACD31AFB9204008FA782 /* Supporting Files */ = {
			isa = PBXGroup;
			children = (
				607FACD41AFB9204008FA782 /* Info.plist */,
			);
			name = "Supporting Files";
			sourceTree = "<group>";
		};
		607FACE81AFB9204008FA782 /* Tests */ = {
			isa = PBXGroup;
			children = (
				607FACEB1AFB9204008FA782 /* Tests.swift */,
				607FACE91AFB9204008FA782 /* Supporting Files */,
			);
			path = Tests;
			sourceTree = "<group>";
		};
		607FACE91AFB9204008FA782 /* Supporting Files */ = {
			isa = PBXGroup;
			children = (
				607FACEA1AFB9204008FA782 /* Info.plist */,
			);
			name = "Supporting Files";
			sourceTree = "<group>";
		};
		607FACF51AFB993E008FA782 /* Podspec Metadata */ = {
			isa = PBXGroup;
			children = (
				DC0E8522F221E41EC9CD1466 /* UITestUtils.podspec */,
				75E1D0837299B8C1FFDFCF3C /* README.md */,
				2E993139BE21261B6C1E4CB7 /* LICENSE */,
			);
			name = "Podspec Metadata";
			sourceTree = "<group>";
		};
		9337D58E659600AC5E5E6D0A /* Frameworks */ = {
			isa = PBXGroup;
			children = (
				E1435DC42437544F00CF7AF9 /* UITestUtils.framework */,
				BBB2E039B853CEA5724C3FAE /* Pods_UITestUtils_Example.framework */,
				B8B452F43F1D446F63443C5A /* Pods_UITestUtils_Tests.framework */,
				84E7DC1AEC62419E987B35A1 /* Pods_UITestUtils_ExampleUITests.framework */,
			);
			name = Frameworks;
			sourceTree = "<group>";
		};
		B06DEE2303B5539D137706FF /* Pods */ = {
			isa = PBXGroup;
			children = (
				9F7D3B2EC6E6C6EADF5FDFB4 /* Pods-UITestUtils_Example.debug.xcconfig */,
				6971C0BDAD5F15DC6D041CD3 /* Pods-UITestUtils_Example.release.xcconfig */,
				F863B58805EEAE9D2E1BDD2E /* Pods-UITestUtils_Tests.debug.xcconfig */,
				EAE612543B01419796DDE6A3 /* Pods-UITestUtils_Tests.release.xcconfig */,
				D846C067FC16B7C33FC6B2C4 /* Pods-UITestUtils_ExampleUITests.debug.xcconfig */,
				8B203CA2ED9791389058662B /* Pods-UITestUtils_ExampleUITests.release.xcconfig */,
			);
			path = Pods;
			sourceTree = "<group>";
		};
		E1435DF2243829FF00CF7AF9 /* Models */ = {
			isa = PBXGroup;
			children = (
				E1435DF3243829FF00CF7AF9 /* Books.swift */,
			);
			path = Models;
			sourceTree = "<group>";
		};
		E1435DF4243829FF00CF7AF9 /* Base.lproj */ = {
			isa = PBXGroup;
			children = (
				E1435DF5243829FF00CF7AF9 /* LaunchScreen.storyboard */,
			);
			path = Base.lproj;
			sourceTree = "<group>";
		};
		E1435DF7243829FF00CF7AF9 /* Views */ = {
			isa = PBXGroup;
			children = (
				E1435DF8243829FF00CF7AF9 /* Main.storyboard */,
			);
			path = Views;
			sourceTree = "<group>";
		};
		E1435DFB243829FF00CF7AF9 /* Services */ = {
			isa = PBXGroup;
			children = (
				E1435DFC243829FF00CF7AF9 /* ServicesAPI.swift */,
			);
			path = Services;
			sourceTree = "<group>";
		};
		E1435DFE243829FF00CF7AF9 /* Login */ = {
			isa = PBXGroup;
			children = (
				E1435DFF243829FF00CF7AF9 /* LoginController.swift */,
				E1435E00243829FF00CF7AF9 /* LoginUIElements.swift */,
			);
			path = Login;
			sourceTree = "<group>";
		};
		E1435E01243829FF00CF7AF9 /* Books */ = {
			isa = PBXGroup;
			children = (
				E1435E02243829FF00CF7AF9 /* BooksViewController.swift */,
				E1435E03243829FF00CF7AF9 /* BooksUIElements.swift */,
				E1435E04243829FF00CF7AF9 /* Views */,
			);
			path = Books;
			sourceTree = "<group>";
		};
		E1435E04243829FF00CF7AF9 /* Views */ = {
			isa = PBXGroup;
			children = (
				E1435E05243829FF00CF7AF9 /* BookTableViewCell.swift */,
				E1435E06243829FF00CF7AF9 /* BookTableViewCell.xib */,
			);
			path = Views;
			sourceTree = "<group>";
		};
		E1435E1B24382B8B00CF7AF9 /* UITestUtils_ExampleUITests */ = {
			isa = PBXGroup;
			children = (
				E15E2192243832C600E8A21B /* UITestUtils_ExampleUITests.swift */,
				E1435E2424382D4400CF7AF9 /* BooksList */,
				E1435E2624382D4400CF7AF9 /* Login */,
				E1435E1E24382B8B00CF7AF9 /* Info.plist */,
			);
			path = UITestUtils_ExampleUITests;
			sourceTree = "<group>";
		};
		E1435E2424382D4400CF7AF9 /* BooksList */ = {
			isa = PBXGroup;
			children = (
				E1435E2524382D4400CF7AF9 /* BookListUITestable.swift */,
			);
			path = BooksList;
			sourceTree = "<group>";
		};
		E1435E2624382D4400CF7AF9 /* Login */ = {
			isa = PBXGroup;
			children = (
				E1435E2724382D4400CF7AF9 /* LoginUITestable.swift */,
				E1435E2824382D4400CF7AF9 /* LoginPageTest.swift */,
			);
			path = Login;
			sourceTree = "<group>";
		};
/* End PBXGroup section */

/* Begin PBXNativeTarget section */
		607FACCF1AFB9204008FA782 /* UITestUtils_Example */ = {
			isa = PBXNativeTarget;
			buildConfigurationList = 607FACEF1AFB9204008FA782 /* Build configuration list for PBXNativeTarget "UITestUtils_Example" */;
			buildPhases = (
				B6C7CBDAA5D01BDDDE12594D /* [CP] Check Pods Manifest.lock */,
				607FACCC1AFB9204008FA782 /* Sources */,
				607FACCD1AFB9204008FA782 /* Frameworks */,
				607FACCE1AFB9204008FA782 /* Resources */,
				8759D255589CADDF0377EB39 /* [CP] Embed Pods Frameworks */,
			);
			buildRules = (
			);
			dependencies = (
			);
			name = UITestUtils_Example;
			productName = UITestUtils;
			productReference = 607FACD01AFB9204008FA782 /* UITestUtils_Example.app */;
			productType = "com.apple.product-type.application";
		};
		607FACE41AFB9204008FA782 /* UITestUtils_Tests */ = {
			isa = PBXNativeTarget;
			buildConfigurationList = 607FACF21AFB9204008FA782 /* Build configuration list for PBXNativeTarget "UITestUtils_Tests" */;
			buildPhases = (
				E3B58A1701B5FD41F680F3AA /* [CP] Check Pods Manifest.lock */,
				607FACE11AFB9204008FA782 /* Sources */,
				607FACE21AFB9204008FA782 /* Frameworks */,
				607FACE31AFB9204008FA782 /* Resources */,
				27414AF521603D79B5C1A1C1 /* [CP] Embed Pods Frameworks */,
			);
			buildRules = (
			);
			dependencies = (
				607FACE71AFB9204008FA782 /* PBXTargetDependency */,
			);
			name = UITestUtils_Tests;
			productName = Tests;
			productReference = 607FACE51AFB9204008FA782 /* UITestUtils_Tests.xctest */;
			productType = "com.apple.product-type.bundle.unit-test";
		};
		E1435E1924382B8B00CF7AF9 /* UITestUtils_ExampleUITests */ = {
			isa = PBXNativeTarget;
			buildConfigurationList = E1435E2124382B8B00CF7AF9 /* Build configuration list for PBXNativeTarget "UITestUtils_ExampleUITests" */;
			buildPhases = (
				A683068024528093DAF7276C /* [CP] Check Pods Manifest.lock */,
				E1435E1624382B8B00CF7AF9 /* Sources */,
				E1435E1724382B8B00CF7AF9 /* Frameworks */,
				E1435E1824382B8B00CF7AF9 /* Resources */,
				FE4EE340894B0F7F721944B2 /* [CP] Embed Pods Frameworks */,
			);
			buildRules = (
			);
			dependencies = (
				E1435E2024382B8B00CF7AF9 /* PBXTargetDependency */,
			);
			name = UITestUtils_ExampleUITests;
			productName = UITestUtils_ExampleUITests;
			productReference = E1435E1A24382B8B00CF7AF9 /* UITestUtils_ExampleUITests.xctest */;
			productType = "com.apple.product-type.bundle.ui-testing";
		};
/* End PBXNativeTarget section */

/* Begin PBXProject section */
		607FACC81AFB9204008FA782 /* Project object */ = {
			isa = PBXProject;
			attributes = {
				LastSwiftUpdateCheck = 1130;
				LastUpgradeCheck = 0830;
				ORGANIZATIONNAME = CocoaPods;
				TargetAttributes = {
					607FACCF1AFB9204008FA782 = {
						CreatedOnToolsVersion = 6.3.1;
						LastSwiftMigration = 1130;
					};
					607FACE41AFB9204008FA782 = {
						CreatedOnToolsVersion = 6.3.1;
						LastSwiftMigration = 0900;
						TestTargetID = 607FACCF1AFB9204008FA782;
					};
					E1435E1924382B8B00CF7AF9 = {
						CreatedOnToolsVersion = 11.3.1;
						ProvisioningStyle = Automatic;
						TestTargetID = 607FACCF1AFB9204008FA782;
					};
				};
			};
			buildConfigurationList = 607FACCB1AFB9204008FA782 /* Build configuration list for PBXProject "UITestUtils" */;
			compatibilityVersion = "Xcode 3.2";
			developmentRegion = English;
			hasScannedForEncodings = 0;
			knownRegions = (
				English,
				en,
				Base,
			);
			mainGroup = 607FACC71AFB9204008FA782;
			productRefGroup = 607FACD11AFB9204008FA782 /* Products */;
			projectDirPath = "";
			projectRoot = "";
			targets = (
				607FACCF1AFB9204008FA782 /* UITestUtils_Example */,
				607FACE41AFB9204008FA782 /* UITestUtils_Tests */,
				E1435E1924382B8B00CF7AF9 /* UITestUtils_ExampleUITests */,
			);
		};
/* End PBXProject section */

/* Begin PBXResourcesBuildPhase section */
		607FACCE1AFB9204008FA782 /* Resources */ = {
			isa = PBXResourcesBuildPhase;
			buildActionMask = 2147483647;
			files = (
				E1435E0B24382A0000CF7AF9 /* Main.storyboard in Resources */,
				E1435E0C24382A0000CF7AF9 /* Assets.xcassets in Resources */,
				E1435E0A24382A0000CF7AF9 /* LaunchScreen.storyboard in Resources */,
				E1435E1424382A0000CF7AF9 /* BookTableViewCell.xib in Resources */,
			);
			runOnlyForDeploymentPostprocessing = 0;
		};
		607FACE31AFB9204008FA782 /* Resources */ = {
			isa = PBXResourcesBuildPhase;
			buildActionMask = 2147483647;
			files = (
			);
			runOnlyForDeploymentPostprocessing = 0;
		};
		E1435E1824382B8B00CF7AF9 /* Resources */ = {
			isa = PBXResourcesBuildPhase;
			buildActionMask = 2147483647;
			files = (
			);
			runOnlyForDeploymentPostprocessing = 0;
		};
/* End PBXResourcesBuildPhase section */

/* Begin PBXShellScriptBuildPhase section */
		27414AF521603D79B5C1A1C1 /* [CP] Embed Pods Frameworks */ = {
			isa = PBXShellScriptBuildPhase;
			buildActionMask = 2147483647;
			files = (
			);
			inputPaths = (
				"${PODS_ROOT}/Target Support Files/Pods-UITestUtils_Tests/Pods-UITestUtils_Tests-frameworks.sh",
				"${BUILT_PRODUCTS_DIR}/Embassy/Embassy.framework",
				"${BUILT_PRODUCTS_DIR}/EnvoyAmbassador/EnvoyAmbassador.framework",
				"${BUILT_PRODUCTS_DIR}/MBProgressHUD/MBProgressHUD.framework",
				"${BUILT_PRODUCTS_DIR}/ObjectMapper/ObjectMapper.framework",
				"${BUILT_PRODUCTS_DIR}/Then/Then.framework",
				"${BUILT_PRODUCTS_DIR}/UITestUtils/UITestUtils.framework",
			);
			name = "[CP] Embed Pods Frameworks";
			outputPaths = (
				"${TARGET_BUILD_DIR}/${FRAMEWORKS_FOLDER_PATH}/Embassy.framework",
				"${TARGET_BUILD_DIR}/${FRAMEWORKS_FOLDER_PATH}/EnvoyAmbassador.framework",
				"${TARGET_BUILD_DIR}/${FRAMEWORKS_FOLDER_PATH}/MBProgressHUD.framework",
				"${TARGET_BUILD_DIR}/${FRAMEWORKS_FOLDER_PATH}/ObjectMapper.framework",
				"${TARGET_BUILD_DIR}/${FRAMEWORKS_FOLDER_PATH}/Then.framework",
				"${TARGET_BUILD_DIR}/${FRAMEWORKS_FOLDER_PATH}/UITestUtils.framework",
			);
			runOnlyForDeploymentPostprocessing = 0;
			shellPath = /bin/sh;
			shellScript = "\"${PODS_ROOT}/Target Support Files/Pods-UITestUtils_Tests/Pods-UITestUtils_Tests-frameworks.sh\"\n";
			showEnvVarsInLog = 0;
		};
		8759D255589CADDF0377EB39 /* [CP] Embed Pods Frameworks */ = {
			isa = PBXShellScriptBuildPhase;
			buildActionMask = 2147483647;
			files = (
			);
			inputPaths = (
				"${PODS_ROOT}/Target Support Files/Pods-UITestUtils_Example/Pods-UITestUtils_Example-frameworks.sh",
				"${BUILT_PRODUCTS_DIR}/Embassy/Embassy.framework",
				"${BUILT_PRODUCTS_DIR}/EnvoyAmbassador/EnvoyAmbassador.framework",
				"${BUILT_PRODUCTS_DIR}/MBProgressHUD/MBProgressHUD.framework",
				"${BUILT_PRODUCTS_DIR}/ObjectMapper/ObjectMapper.framework",
				"${BUILT_PRODUCTS_DIR}/Then/Then.framework",
				"${BUILT_PRODUCTS_DIR}/UITestUtils/UITestUtils.framework",
			);
			name = "[CP] Embed Pods Frameworks";
			outputPaths = (
				"${TARGET_BUILD_DIR}/${FRAMEWORKS_FOLDER_PATH}/Embassy.framework",
				"${TARGET_BUILD_DIR}/${FRAMEWORKS_FOLDER_PATH}/EnvoyAmbassador.framework",
				"${TARGET_BUILD_DIR}/${FRAMEWORKS_FOLDER_PATH}/MBProgressHUD.framework",
				"${TARGET_BUILD_DIR}/${FRAMEWORKS_FOLDER_PATH}/ObjectMapper.framework",
				"${TARGET_BUILD_DIR}/${FRAMEWORKS_FOLDER_PATH}/Then.framework",
				"${TARGET_BUILD_DIR}/${FRAMEWORKS_FOLDER_PATH}/UITestUtils.framework",
			);
			runOnlyForDeploymentPostprocessing = 0;
			shellPath = /bin/sh;
			shellScript = "\"${PODS_ROOT}/Target Support Files/Pods-UITestUtils_Example/Pods-UITestUtils_Example-frameworks.sh\"\n";
			showEnvVarsInLog = 0;
		};
		A683068024528093DAF7276C /* [CP] Check Pods Manifest.lock */ = {
			isa = PBXShellScriptBuildPhase;
			buildActionMask = 2147483647;
			files = (
			);
			inputFileListPaths = (
			);
			inputPaths = (
				"${PODS_PODFILE_DIR_PATH}/Podfile.lock",
				"${PODS_ROOT}/Manifest.lock",
			);
			name = "[CP] Check Pods Manifest.lock";
			outputFileListPaths = (
			);
			outputPaths = (
				"$(DERIVED_FILE_DIR)/Pods-UITestUtils_ExampleUITests-checkManifestLockResult.txt",
			);
			runOnlyForDeploymentPostprocessing = 0;
			shellPath = /bin/sh;
			shellScript = "diff \"${PODS_PODFILE_DIR_PATH}/Podfile.lock\" \"${PODS_ROOT}/Manifest.lock\" > /dev/null\nif [ $? != 0 ] ; then\n    # print error to STDERR\n    echo \"error: The sandbox is not in sync with the Podfile.lock. Run 'pod install' or update your CocoaPods installation.\" >&2\n    exit 1\nfi\n# This output is used by Xcode 'outputs' to avoid re-running this script phase.\necho \"SUCCESS\" > \"${SCRIPT_OUTPUT_FILE_0}\"\n";
			showEnvVarsInLog = 0;
		};
		B6C7CBDAA5D01BDDDE12594D /* [CP] Check Pods Manifest.lock */ = {
			isa = PBXShellScriptBuildPhase;
			buildActionMask = 2147483647;
			files = (
			);
			inputFileListPaths = (
			);
			inputPaths = (
				"${PODS_PODFILE_DIR_PATH}/Podfile.lock",
				"${PODS_ROOT}/Manifest.lock",
			);
			name = "[CP] Check Pods Manifest.lock";
			outputFileListPaths = (
			);
			outputPaths = (
				"$(DERIVED_FILE_DIR)/Pods-UITestUtils_Example-checkManifestLockResult.txt",
			);
			runOnlyForDeploymentPostprocessing = 0;
			shellPath = /bin/sh;
			shellScript = "diff \"${PODS_PODFILE_DIR_PATH}/Podfile.lock\" \"${PODS_ROOT}/Manifest.lock\" > /dev/null\nif [ $? != 0 ] ; then\n    # print error to STDERR\n    echo \"error: The sandbox is not in sync with the Podfile.lock. Run 'pod install' or update your CocoaPods installation.\" >&2\n    exit 1\nfi\n# This output is used by Xcode 'outputs' to avoid re-running this script phase.\necho \"SUCCESS\" > \"${SCRIPT_OUTPUT_FILE_0}\"\n";
			showEnvVarsInLog = 0;
		};
		E3B58A1701B5FD41F680F3AA /* [CP] Check Pods Manifest.lock */ = {
			isa = PBXShellScriptBuildPhase;
			buildActionMask = 2147483647;
			files = (
			);
			inputFileListPaths = (
			);
			inputPaths = (
				"${PODS_PODFILE_DIR_PATH}/Podfile.lock",
				"${PODS_ROOT}/Manifest.lock",
			);
			name = "[CP] Check Pods Manifest.lock";
			outputFileListPaths = (
			);
			outputPaths = (
				"$(DERIVED_FILE_DIR)/Pods-UITestUtils_Tests-checkManifestLockResult.txt",
			);
			runOnlyForDeploymentPostprocessing = 0;
			shellPath = /bin/sh;
			shellScript = "diff \"${PODS_PODFILE_DIR_PATH}/Podfile.lock\" \"${PODS_ROOT}/Manifest.lock\" > /dev/null\nif [ $? != 0 ] ; then\n    # print error to STDERR\n    echo \"error: The sandbox is not in sync with the Podfile.lock. Run 'pod install' or update your CocoaPods installation.\" >&2\n    exit 1\nfi\n# This output is used by Xcode 'outputs' to avoid re-running this script phase.\necho \"SUCCESS\" > \"${SCRIPT_OUTPUT_FILE_0}\"\n";
			showEnvVarsInLog = 0;
		};
		FE4EE340894B0F7F721944B2 /* [CP] Embed Pods Frameworks */ = {
			isa = PBXShellScriptBuildPhase;
			buildActionMask = 2147483647;
			files = (
			);
			inputPaths = (
				"${PODS_ROOT}/Target Support Files/Pods-UITestUtils_ExampleUITests/Pods-UITestUtils_ExampleUITests-frameworks.sh",
				"${BUILT_PRODUCTS_DIR}/Embassy/Embassy.framework",
				"${BUILT_PRODUCTS_DIR}/EnvoyAmbassador/EnvoyAmbassador.framework",
				"${BUILT_PRODUCTS_DIR}/MBProgressHUD/MBProgressHUD.framework",
				"${BUILT_PRODUCTS_DIR}/ObjectMapper/ObjectMapper.framework",
				"${BUILT_PRODUCTS_DIR}/Then/Then.framework",
				"${BUILT_PRODUCTS_DIR}/UITestUtils/UITestUtils.framework",
			);
			name = "[CP] Embed Pods Frameworks";
			outputPaths = (
				"${TARGET_BUILD_DIR}/${FRAMEWORKS_FOLDER_PATH}/Embassy.framework",
				"${TARGET_BUILD_DIR}/${FRAMEWORKS_FOLDER_PATH}/EnvoyAmbassador.framework",
				"${TARGET_BUILD_DIR}/${FRAMEWORKS_FOLDER_PATH}/MBProgressHUD.framework",
				"${TARGET_BUILD_DIR}/${FRAMEWORKS_FOLDER_PATH}/ObjectMapper.framework",
				"${TARGET_BUILD_DIR}/${FRAMEWORKS_FOLDER_PATH}/Then.framework",
				"${TARGET_BUILD_DIR}/${FRAMEWORKS_FOLDER_PATH}/UITestUtils.framework",
			);
			runOnlyForDeploymentPostprocessing = 0;
			shellPath = /bin/sh;
			shellScript = "\"${PODS_ROOT}/Target Support Files/Pods-UITestUtils_ExampleUITests/Pods-UITestUtils_ExampleUITests-frameworks.sh\"\n";
			showEnvVarsInLog = 0;
		};
/* End PBXShellScriptBuildPhase section */

/* Begin PBXSourcesBuildPhase section */
		607FACCC1AFB9204008FA782 /* Sources */ = {
			isa = PBXSourcesBuildPhase;
			buildActionMask = 2147483647;
			files = (
				E1435E1324382A0000CF7AF9 /* BookTableViewCell.swift in Sources */,
				E1435E0E24382A0000CF7AF9 /* AppDelegate.swift in Sources */,
				E1435E1524382A0000CF7AF9 /* SceneDelegate.swift in Sources */,
				E1435E0F24382A0000CF7AF9 /* LoginController.swift in Sources */,
				E1435E0D24382A0000CF7AF9 /* ServicesAPI.swift in Sources */,
				E1435E1224382A0000CF7AF9 /* BooksUIElements.swift in Sources */,
				E1435E1024382A0000CF7AF9 /* LoginUIElements.swift in Sources */,
				E1435E0924382A0000CF7AF9 /* Books.swift in Sources */,
				E1435E1124382A0000CF7AF9 /* BooksViewController.swift in Sources */,
			);
			runOnlyForDeploymentPostprocessing = 0;
		};
		607FACE11AFB9204008FA782 /* Sources */ = {
			isa = PBXSourcesBuildPhase;
			buildActionMask = 2147483647;
			files = (
				607FACEC1AFB9204008FA782 /* Tests.swift in Sources */,
			);
			runOnlyForDeploymentPostprocessing = 0;
		};
		E1435E1624382B8B00CF7AF9 /* Sources */ = {
			isa = PBXSourcesBuildPhase;
			buildActionMask = 2147483647;
			files = (
				E1435E2D24382FCD00CF7AF9 /* BooksUIElements.swift in Sources */,
				E1435E2C24382FC000CF7AF9 /* LoginUIElements.swift in Sources */,
				E1435E2924382D4400CF7AF9 /* BookListUITestable.swift in Sources */,
				E1435E2B24382D4400CF7AF9 /* LoginPageTest.swift in Sources */,
				E15E2193243832C600E8A21B /* UITestUtils_ExampleUITests.swift in Sources */,
				E1435E2A24382D4400CF7AF9 /* LoginUITestable.swift in Sources */,
			);
			runOnlyForDeploymentPostprocessing = 0;
		};
/* End PBXSourcesBuildPhase section */

/* Begin PBXTargetDependency section */
		607FACE71AFB9204008FA782 /* PBXTargetDependency */ = {
			isa = PBXTargetDependency;
			target = 607FACCF1AFB9204008FA782 /* UITestUtils_Example */;
			targetProxy = 607FACE61AFB9204008FA782 /* PBXContainerItemProxy */;
		};
		E1435E2024382B8B00CF7AF9 /* PBXTargetDependency */ = {
			isa = PBXTargetDependency;
			target = 607FACCF1AFB9204008FA782 /* UITestUtils_Example */;
			targetProxy = E1435E1F24382B8B00CF7AF9 /* PBXContainerItemProxy */;
		};
/* End PBXTargetDependency section */

/* Begin PBXVariantGroup section */
		E1435DF5243829FF00CF7AF9 /* LaunchScreen.storyboard */ = {
			isa = PBXVariantGroup;
			children = (
				E1435DF6243829FF00CF7AF9 /* Base */,
			);
			name = LaunchScreen.storyboard;
			sourceTree = "<group>";
		};
		E1435DF8243829FF00CF7AF9 /* Main.storyboard */ = {
			isa = PBXVariantGroup;
			children = (
				E1435DF9243829FF00CF7AF9 /* Base */,
			);
			name = Main.storyboard;
			sourceTree = "<group>";
		};
/* End PBXVariantGroup section */

/* Begin XCBuildConfiguration section */
		607FACED1AFB9204008FA782 /* Debug */ = {
			isa = XCBuildConfiguration;
			buildSettings = {
				ALWAYS_SEARCH_USER_PATHS = NO;
				CLANG_CXX_LANGUAGE_STANDARD = "gnu++0x";
				CLANG_CXX_LIBRARY = "libc++";
				CLANG_ENABLE_MODULES = YES;
				CLANG_ENABLE_OBJC_ARC = YES;
				CLANG_WARN_BLOCK_CAPTURE_AUTORELEASING = YES;
				CLANG_WARN_BOOL_CONVERSION = YES;
				CLANG_WARN_COMMA = YES;
				CLANG_WARN_CONSTANT_CONVERSION = YES;
				CLANG_WARN_DIRECT_OBJC_ISA_USAGE = YES_ERROR;
				CLANG_WARN_EMPTY_BODY = YES;
				CLANG_WARN_ENUM_CONVERSION = YES;
				CLANG_WARN_INFINITE_RECURSION = YES;
				CLANG_WARN_INT_CONVERSION = YES;
				CLANG_WARN_NON_LITERAL_NULL_CONVERSION = YES;
				CLANG_WARN_OBJC_LITERAL_CONVERSION = YES;
				CLANG_WARN_OBJC_ROOT_CLASS = YES_ERROR;
				CLANG_WARN_RANGE_LOOP_ANALYSIS = YES;
				CLANG_WARN_STRICT_PROTOTYPES = YES;
				CLANG_WARN_SUSPICIOUS_MOVE = YES;
				CLANG_WARN_UNREACHABLE_CODE = YES;
				CLANG_WARN__DUPLICATE_METHOD_MATCH = YES;
				"CODE_SIGN_IDENTITY[sdk=iphoneos*]" = "iPhone Developer";
				COPY_PHASE_STRIP = NO;
				DEBUG_INFORMATION_FORMAT = "dwarf-with-dsym";
				ENABLE_BITCODE = NO;
				ENABLE_STRICT_OBJC_MSGSEND = YES;
				ENABLE_TESTABILITY = YES;
				GCC_C_LANGUAGE_STANDARD = gnu99;
				GCC_DYNAMIC_NO_PIC = NO;
				GCC_NO_COMMON_BLOCKS = YES;
				GCC_OPTIMIZATION_LEVEL = 0;
				GCC_PREPROCESSOR_DEFINITIONS = (
					"DEBUG=1",
					"$(inherited)",
				);
				GCC_SYMBOLS_PRIVATE_EXTERN = NO;
				GCC_WARN_64_TO_32_BIT_CONVERSION = YES;
				GCC_WARN_ABOUT_RETURN_TYPE = YES_ERROR;
				GCC_WARN_UNDECLARED_SELECTOR = YES;
				GCC_WARN_UNINITIALIZED_AUTOS = YES_AGGRESSIVE;
				GCC_WARN_UNUSED_FUNCTION = YES;
				GCC_WARN_UNUSED_VARIABLE = YES;
				IPHONEOS_DEPLOYMENT_TARGET = 10.0;
				MTL_ENABLE_DEBUG_INFO = YES;
				ONLY_ACTIVE_ARCH = YES;
				SDKROOT = iphoneos;
				SWIFT_OPTIMIZATION_LEVEL = "-Onone";
				SWIFT_VERSION = 5.0;
			};
			name = Debug;
		};
		607FACEE1AFB9204008FA782 /* Release */ = {
			isa = XCBuildConfiguration;
			buildSettings = {
				ALWAYS_SEARCH_USER_PATHS = NO;
				CLANG_CXX_LANGUAGE_STANDARD = "gnu++0x";
				CLANG_CXX_LIBRARY = "libc++";
				CLANG_ENABLE_MODULES = YES;
				CLANG_ENABLE_OBJC_ARC = YES;
				CLANG_WARN_BLOCK_CAPTURE_AUTORELEASING = YES;
				CLANG_WARN_BOOL_CONVERSION = YES;
				CLANG_WARN_COMMA = YES;
				CLANG_WARN_CONSTANT_CONVERSION = YES;
				CLANG_WARN_DIRECT_OBJC_ISA_USAGE = YES_ERROR;
				CLANG_WARN_EMPTY_BODY = YES;
				CLANG_WARN_ENUM_CONVERSION = YES;
				CLANG_WARN_INFINITE_RECURSION = YES;
				CLANG_WARN_INT_CONVERSION = YES;
				CLANG_WARN_NON_LITERAL_NULL_CONVERSION = YES;
				CLANG_WARN_OBJC_LITERAL_CONVERSION = YES;
				CLANG_WARN_OBJC_ROOT_CLASS = YES_ERROR;
				CLANG_WARN_RANGE_LOOP_ANALYSIS = YES;
				CLANG_WARN_STRICT_PROTOTYPES = YES;
				CLANG_WARN_SUSPICIOUS_MOVE = YES;
				CLANG_WARN_UNREACHABLE_CODE = YES;
				CLANG_WARN__DUPLICATE_METHOD_MATCH = YES;
				"CODE_SIGN_IDENTITY[sdk=iphoneos*]" = "iPhone Developer";
				COPY_PHASE_STRIP = NO;
				DEBUG_INFORMATION_FORMAT = "dwarf-with-dsym";
				ENABLE_BITCODE = NO;
				ENABLE_NS_ASSERTIONS = NO;
				ENABLE_STRICT_OBJC_MSGSEND = YES;
				GCC_C_LANGUAGE_STANDARD = gnu99;
				GCC_NO_COMMON_BLOCKS = YES;
				GCC_WARN_64_TO_32_BIT_CONVERSION = YES;
				GCC_WARN_ABOUT_RETURN_TYPE = YES_ERROR;
				GCC_WARN_UNDECLARED_SELECTOR = YES;
				GCC_WARN_UNINITIALIZED_AUTOS = YES_AGGRESSIVE;
				GCC_WARN_UNUSED_FUNCTION = YES;
				GCC_WARN_UNUSED_VARIABLE = YES;
				IPHONEOS_DEPLOYMENT_TARGET = 10.0;
				MTL_ENABLE_DEBUG_INFO = NO;
				SDKROOT = iphoneos;
				SWIFT_OPTIMIZATION_LEVEL = "-Owholemodule";
				SWIFT_VERSION = 5.0;
				VALIDATE_PRODUCT = YES;
			};
			name = Release;
		};
		607FACF01AFB9204008FA782 /* Debug */ = {
			isa = XCBuildConfiguration;
			baseConfigurationReference = 9F7D3B2EC6E6C6EADF5FDFB4 /* Pods-UITestUtils_Example.debug.xcconfig */;
			buildSettings = {
				ASSETCATALOG_COMPILER_APPICON_NAME = AppIcon;
				CLANG_ENABLE_MODULES = YES;
				INFOPLIST_FILE = UITestUtils/Info.plist;
				IPHONEOS_DEPLOYMENT_TARGET = 10.0;
				LD_RUNPATH_SEARCH_PATHS = "$(inherited) @executable_path/Frameworks";
				MODULE_NAME = ExampleApp;
				PRODUCT_BUNDLE_IDENTIFIER = "org.cocoapods.demo.$(PRODUCT_NAME:rfc1034identifier)";
				PRODUCT_NAME = "$(TARGET_NAME)";
				SWIFT_OBJC_BRIDGING_HEADER = "UITestUtils/UITestUtils_Example-Bridging-Header.h";
				SWIFT_OPTIMIZATION_LEVEL = "-Onone";
				SWIFT_SWIFT3_OBJC_INFERENCE = Default;
				SWIFT_VERSION = 5.0;
				TVOS_DEPLOYMENT_TARGET = 10.0;
			};
			name = Debug;
		};
		607FACF11AFB9204008FA782 /* Release */ = {
			isa = XCBuildConfiguration;
			baseConfigurationReference = 6971C0BDAD5F15DC6D041CD3 /* Pods-UITestUtils_Example.release.xcconfig */;
			buildSettings = {
				ASSETCATALOG_COMPILER_APPICON_NAME = AppIcon;
				CLANG_ENABLE_MODULES = YES;
				INFOPLIST_FILE = UITestUtils/Info.plist;
				IPHONEOS_DEPLOYMENT_TARGET = 10.0;
				LD_RUNPATH_SEARCH_PATHS = "$(inherited) @executable_path/Frameworks";
				MODULE_NAME = ExampleApp;
				PRODUCT_BUNDLE_IDENTIFIER = "org.cocoapods.demo.$(PRODUCT_NAME:rfc1034identifier)";
				PRODUCT_NAME = "$(TARGET_NAME)";
				SWIFT_OBJC_BRIDGING_HEADER = "UITestUtils/UITestUtils_Example-Bridging-Header.h";
				SWIFT_SWIFT3_OBJC_INFERENCE = Default;
				SWIFT_VERSION = 5.0;
				TVOS_DEPLOYMENT_TARGET = 10.0;
			};
			name = Release;
		};
		607FACF31AFB9204008FA782 /* Debug */ = {
			isa = XCBuildConfiguration;
			baseConfigurationReference = F863B58805EEAE9D2E1BDD2E /* Pods-UITestUtils_Tests.debug.xcconfig */;
			buildSettings = {
				ALWAYS_EMBED_SWIFT_STANDARD_LIBRARIES = YES;
				FRAMEWORK_SEARCH_PATHS = (
					"$(PLATFORM_DIR)/Developer/Library/Frameworks",
					"$(inherited)",
				);
				GCC_PREPROCESSOR_DEFINITIONS = (
					"DEBUG=1",
					"$(inherited)",
				);
				INFOPLIST_FILE = Tests/Info.plist;
				LD_RUNPATH_SEARCH_PATHS = "$(inherited) @executable_path/Frameworks @loader_path/Frameworks";
				PRODUCT_BUNDLE_IDENTIFIER = "org.cocoapods.$(PRODUCT_NAME:rfc1034identifier)";
				PRODUCT_NAME = "$(TARGET_NAME)";
				SWIFT_SWIFT3_OBJC_INFERENCE = Default;
				SWIFT_VERSION = 5.0;
				TEST_HOST = "$(BUILT_PRODUCTS_DIR)/UITestUtils_Example.app/UITestUtils_Example";
				TVOS_DEPLOYMENT_TARGET = 10.0;
			};
			name = Debug;
		};
		607FACF41AFB9204008FA782 /* Release */ = {
			isa = XCBuildConfiguration;
			baseConfigurationReference = EAE612543B01419796DDE6A3 /* Pods-UITestUtils_Tests.release.xcconfig */;
			buildSettings = {
				ALWAYS_EMBED_SWIFT_STANDARD_LIBRARIES = YES;
				FRAMEWORK_SEARCH_PATHS = (
					"$(PLATFORM_DIR)/Developer/Library/Frameworks",
					"$(inherited)",
				);
				INFOPLIST_FILE = Tests/Info.plist;
				LD_RUNPATH_SEARCH_PATHS = "$(inherited) @executable_path/Frameworks @loader_path/Frameworks";
				PRODUCT_BUNDLE_IDENTIFIER = "org.cocoapods.$(PRODUCT_NAME:rfc1034identifier)";
				PRODUCT_NAME = "$(TARGET_NAME)";
				SWIFT_SWIFT3_OBJC_INFERENCE = Default;
				SWIFT_VERSION = 5.0;
				TEST_HOST = "$(BUILT_PRODUCTS_DIR)/UITestUtils_Example.app/UITestUtils_Example";
				TVOS_DEPLOYMENT_TARGET = 10.0;
			};
			name = Release;
		};
		E1435E2224382B8B00CF7AF9 /* Debug */ = {
			isa = XCBuildConfiguration;
			baseConfigurationReference = D846C067FC16B7C33FC6B2C4 /* Pods-UITestUtils_ExampleUITests.debug.xcconfig */;
			buildSettings = {
				CLANG_ANALYZER_NONNULL = YES;
				CLANG_ANALYZER_NUMBER_OBJECT_CONVERSION = YES_AGGRESSIVE;
				CLANG_CXX_LANGUAGE_STANDARD = "gnu++14";
				CLANG_ENABLE_OBJC_WEAK = YES;
				CLANG_WARN_DEPRECATED_OBJC_IMPLEMENTATIONS = YES;
				CLANG_WARN_DOCUMENTATION_COMMENTS = YES;
				CLANG_WARN_OBJC_IMPLICIT_RETAIN_SELF = YES;
				CLANG_WARN_UNGUARDED_AVAILABILITY = YES_AGGRESSIVE;
				CODE_SIGN_STYLE = Automatic;
				DEBUG_INFORMATION_FORMAT = dwarf;
				GCC_C_LANGUAGE_STANDARD = gnu11;
				INFOPLIST_FILE = UITestUtils_ExampleUITests/Info.plist;
				IPHONEOS_DEPLOYMENT_TARGET = 10.0;
				LD_RUNPATH_SEARCH_PATHS = "$(inherited) @executable_path/Frameworks @loader_path/Frameworks";
				MTL_ENABLE_DEBUG_INFO = INCLUDE_SOURCE;
				MTL_FAST_MATH = YES;
				PRODUCT_BUNDLE_IDENTIFIER = "com.vinid.UITestUtils-ExampleUITests";
				PRODUCT_NAME = "$(TARGET_NAME)";
				SWIFT_ACTIVE_COMPILATION_CONDITIONS = DEBUG;
				SWIFT_VERSION = 5.0;
				TARGETED_DEVICE_FAMILY = "1,2";
				TEST_TARGET_NAME = UITestUtils_Example;
				TVOS_DEPLOYMENT_TARGET = 10.0;
			};
			name = Debug;
		};
		E1435E2324382B8B00CF7AF9 /* Release */ = {
			isa = XCBuildConfiguration;
			baseConfigurationReference = 8B203CA2ED9791389058662B /* Pods-UITestUtils_ExampleUITests.release.xcconfig */;
			buildSettings = {
				CLANG_ANALYZER_NONNULL = YES;
				CLANG_ANALYZER_NUMBER_OBJECT_CONVERSION = YES_AGGRESSIVE;
				CLANG_CXX_LANGUAGE_STANDARD = "gnu++14";
				CLANG_ENABLE_OBJC_WEAK = YES;
				CLANG_WARN_DEPRECATED_OBJC_IMPLEMENTATIONS = YES;
				CLANG_WARN_DOCUMENTATION_COMMENTS = YES;
				CLANG_WARN_OBJC_IMPLICIT_RETAIN_SELF = YES;
				CLANG_WARN_UNGUARDED_AVAILABILITY = YES_AGGRESSIVE;
				CODE_SIGN_STYLE = Automatic;
				GCC_C_LANGUAGE_STANDARD = gnu11;
				INFOPLIST_FILE = UITestUtils_ExampleUITests/Info.plist;
				IPHONEOS_DEPLOYMENT_TARGET = 10.0;
				LD_RUNPATH_SEARCH_PATHS = "$(inherited) @executable_path/Frameworks @loader_path/Frameworks";
				MTL_FAST_MATH = YES;
				PRODUCT_BUNDLE_IDENTIFIER = "com.vinid.UITestUtils-ExampleUITests";
				PRODUCT_NAME = "$(TARGET_NAME)";
				SWIFT_VERSION = 5.0;
				TARGETED_DEVICE_FAMILY = "1,2";
				TEST_TARGET_NAME = UITestUtils_Example;
				TVOS_DEPLOYMENT_TARGET = 10.0;
			};
			name = Release;
		};
/* End XCBuildConfiguration section */

/* Begin XCConfigurationList section */
		607FACCB1AFB9204008FA782 /* Build configuration list for PBXProject "UITestUtils" */ = {
			isa = XCConfigurationList;
			buildConfigurations = (
				607FACED1AFB9204008FA782 /* Debug */,
				607FACEE1AFB9204008FA782 /* Release */,
			);
			defaultConfigurationIsVisible = 0;
			defaultConfigurationName = Release;
		};
		607FACEF1AFB9204008FA782 /* Build configuration list for PBXNativeTarget "UITestUtils_Example" */ = {
			isa = XCConfigurationList;
			buildConfigurations = (
				607FACF01AFB9204008FA782 /* Debug */,
				607FACF11AFB9204008FA782 /* Release */,
			);
			defaultConfigurationIsVisible = 0;
			defaultConfigurationName = Release;
		};
		607FACF21AFB9204008FA782 /* Build configuration list for PBXNativeTarget "UITestUtils_Tests" */ = {
			isa = XCConfigurationList;
			buildConfigurations = (
				607FACF31AFB9204008FA782 /* Debug */,
				607FACF41AFB9204008FA782 /* Release */,
			);
			defaultConfigurationIsVisible = 0;
			defaultConfigurationName = Release;
		};
		E1435E2124382B8B00CF7AF9 /* Build configuration list for PBXNativeTarget "UITestUtils_ExampleUITests" */ = {
			isa = XCConfigurationList;
			buildConfigurations = (
				E1435E2224382B8B00CF7AF9 /* Debug */,
				E1435E2324382B8B00CF7AF9 /* Release */,
			);
			defaultConfigurationIsVisible = 0;
			defaultConfigurationName = Release;
		};
/* End XCConfigurationList section */
	};
	rootObject = 607FACC81AFB9204008FA782 /* Project object */;
}
